
Microsoft Visual Studio Solution File, Format Version 12.00
# Visual Studio Version 16
VisualStudioVersion = 16.0.31129.286
MinimumVisualStudioVersion = 10.0.40219.1
Project("{FAE04EC0-301F-11D3-BF4B-00C04F79EFBC}") = "Projet Onssa", "Projet Onssa\Projet Onssa.csproj", "{ACDA948D-F46F-4748-9868-32CDCC3E0E2F}"
EndProject
Project("{54435603-DBB4-11D2-8724-00A0C9A8B90C}") = "Setup", "Setup\Setup.vdproj", "{82F46ED6-4648-4BE8-B307-D2C78FD1CBD6}"
EndProject
Global
	GlobalSection(SolutionConfigurationPlatforms) = preSolution
		Debug|Any CPU = Debug|Any CPU
		Release|Any CPU = Release|Any CPU
	EndGlobalSection
	GlobalSection(ProjectConfigurationPlatforms) = postSolution
		{ACDA948D-F46F-4748-9868-32CDCC3E0E2F}.Debug|Any CPU.ActiveCfg = Debug|Any CPU
		{ACDA948D-F46F-4748-9868-32CDCC3E0E2F}.Debug|Any CPU.Build.0 = Debug|Any CPU
		{ACDA948D-F46F-4748-9868-32CDCC3E0E2F}.Release|Any CPU.ActiveCfg = Release|Any CPU
		{ACDA948D-F46F-4748-9868-32CDCC3E0E2F}.Release|Any CPU.Build.0 = Release|Any CPU
		{82F46ED6-4648-4BE8-B307-D2C78FD1CBD6}.Debug|Any CPU.ActiveCfg = Debug
		{82F46ED6-4648-4BE8-B307-D2C78FD1CBD6}.Release|Any CPU.ActiveCfg = Release
	EndGlobalSection
	GlobalSection(SolutionProperties) = preSolution
		HideSolutionNode = FALSE
	EndGlobalSection
	GlobalSection(ExtensibilityGlobals) = postSolution
		SolutionGuid = {1F658811-00BD-4C44-9263-4ADFD70727FB}
	EndGlobalSection
EndGlobal
